
Microsoft Visual Studio Solution File, Format Version 12.00
# Visual Studio Version 17
VisualStudioVersion = 17.13.35818.85
MinimumVisualStudioVersion = 10.0.40219.1
Project("{FAE04EC0-301F-11D3-BF4B-00C04F79EFBC}") = "Kachalka clicker", "Kachalka clicker.csproj", "{333062A5-DF5D-467B-BECF-7BD56000FC7C}"
EndProject
Project("{2150E333-8FDC-42A3-9474-1A3956D46DE8}") = "Элементы решения", "Элементы решения", "{754FC069-D67B-A9D7-50A1-8D1CA196D8F1}"
	ProjectSection(SolutionItems) = preProject
		obj\гантель 1.png = obj\гантель 1.png
		obj\гантель 2.png = obj\гантель 2.png
		obj\жим 1.png = obj\жим 1.png
		obj\жим 2.png = obj\жим 2.png
		obj\присяд 1.png = obj\присяд 1.png
		obj\присяд 2.png = obj\присяд 2.png
		obj\фон спортзал.jpg = obj\фон спортзал.jpg
	EndProjectSection
EndProject
Global
	GlobalSection(SolutionConfigurationPlatforms) = preSolution
		Debug|Any CPU = Debug|Any CPU
		Release|Any CPU = Release|Any CPU
	EndGlobalSection
	GlobalSection(ProjectConfigurationPlatforms) = postSolution
		{333062A5-DF5D-467B-BECF-7BD56000FC7C}.Debug|Any CPU.ActiveCfg = Debug|Any CPU
		{333062A5-DF5D-467B-BECF-7BD56000FC7C}.Debug|Any CPU.Build.0 = Debug|Any CPU
		{333062A5-DF5D-467B-BECF-7BD56000FC7C}.Release|Any CPU.ActiveCfg = Release|Any CPU
		{333062A5-DF5D-467B-BECF-7BD56000FC7C}.Release|Any CPU.Build.0 = Release|Any CPU
	EndGlobalSection
	GlobalSection(SolutionProperties) = preSolution
		HideSolutionNode = FALSE
	EndGlobalSection
	GlobalSection(ExtensibilityGlobals) = postSolution
		SolutionGuid = {70924629-CE69-4B98-B13A-F0DB544DC545}
	EndGlobalSection
EndGlobal
